
Microsoft Visual Studio Solution File, Format Version 12.00
# Visual Studio Version 17
VisualStudioVersion = 17.5.002.0
MinimumVisualStudioVersion = 10.0.40219.1
Project("{9A19103F-16F7-4668-BE54-9A1E7A4F7556}") = "GamesHub", "GamesHub.csproj", "{C76737B9-7FD3-4352-AB63-7394EAF93009}"
EndProject
Global
	GlobalSection(SolutionConfigurationPlatforms) = preSolution
		Debug|Any CPU = Debug|Any CPU
		Release|Any CPU = Release|Any CPU
	EndGlobalSection
	GlobalSection(ProjectConfigurationPlatforms) = postSolution
		{C76737B9-7FD3-4352-AB63-7394EAF93009}.Debug|Any CPU.ActiveCfg = Debug|Any CPU
		{C76737B9-7FD3-4352-AB63-7394EAF93009}.Debug|Any CPU.Build.0 = Debug|Any CPU
		{C76737B9-7FD3-4352-AB63-7394EAF93009}.Release|Any CPU.ActiveCfg = Release|Any CPU
		{C76737B9-7FD3-4352-AB63-7394EAF93009}.Release|Any CPU.Build.0 = Release|Any CPU
	EndGlobalSection
	GlobalSection(SolutionProperties) = preSolution
		HideSolutionNode = FALSE
	EndGlobalSection
	GlobalSection(ExtensibilityGlobals) = postSolution
		SolutionGuid = {23F3EE05-6584-4455-9D71-21E9F76C28A4}
	EndGlobalSection
EndGlobal
